
Microsoft Visual Studio Solution File, Format Version 12.00
# Visual Studio Version 17
VisualStudioVersion = 17.10.35027.167
MinimumVisualStudioVersion = 10.0.40219.1
Project("{FAE04EC0-301F-11D3-BF4B-00C04F79EFBC}") = "WebApplication1", "WebApplication1\WebApplication1.csproj", "{55E82F8E-E52C-411E-821E-F5E9E69214A1}"
EndProject
Global
	GlobalSection(SolutionConfigurationPlatforms) = preSolution
		Debug|Any CPU = Debug|Any CPU
		Release|Any CPU = Release|Any CPU
	EndGlobalSection
	GlobalSection(ProjectConfigurationPlatforms) = postSolution
		{55E82F8E-E52C-411E-821E-F5E9E69214A1}.Debug|Any CPU.ActiveCfg = Debug|Any CPU
		{55E82F8E-E52C-411E-821E-F5E9E69214A1}.Debug|Any CPU.Build.0 = Debug|Any CPU
		{55E82F8E-E52C-411E-821E-F5E9E69214A1}.Release|Any CPU.ActiveCfg = Release|Any CPU
		{55E82F8E-E52C-411E-821E-F5E9E69214A1}.Release|Any CPU.Build.0 = Release|Any CPU
	EndGlobalSection
	GlobalSection(SolutionProperties) = preSolution
		HideSolutionNode = FALSE
	EndGlobalSection
	GlobalSection(ExtensibilityGlobals) = postSolution
		SolutionGuid = {57C934FE-53BC-4327-9816-742E6B690C24}
	EndGlobalSection
EndGlobal
